
Microsoft Visual Studio Solution File, Format Version 12.00
# Visual Studio Version 17
VisualStudioVersion = 17.4.33122.133
MinimumVisualStudioVersion = 10.0.40219.1
Project("{FAE04EC0-301F-11D3-BF4B-00C04F79EFBC}") = "Collatz", "Collatz\Collatz.csproj", "{1E5F9D1C-DE88-4B08-9668-2F2BA3FDF633}"
EndProject
Project("{FAE04EC0-301F-11D3-BF4B-00C04F79EFBC}") = "CollatzTest", "CollatzTest\CollatzTest.csproj", "{78D2DAC9-B7F7-49E9-BCFA-CDCF48C635C7}"
	ProjectSection(ProjectDependencies) = postProject
		{1E5F9D1C-DE88-4B08-9668-2F2BA3FDF633} = {1E5F9D1C-DE88-4B08-9668-2F2BA3FDF633}
	EndProjectSection
EndProject
Global
	GlobalSection(SolutionConfigurationPlatforms) = preSolution
		Debug|Any CPU = Debug|Any CPU
		Release|Any CPU = Release|Any CPU
	EndGlobalSection
	GlobalSection(ProjectConfigurationPlatforms) = postSolution
		{1E5F9D1C-DE88-4B08-9668-2F2BA3FDF633}.Debug|Any CPU.ActiveCfg = Debug|Any CPU
		{1E5F9D1C-DE88-4B08-9668-2F2BA3FDF633}.Debug|Any CPU.Build.0 = Debug|Any CPU
		{1E5F9D1C-DE88-4B08-9668-2F2BA3FDF633}.Release|Any CPU.ActiveCfg = Release|Any CPU
		{1E5F9D1C-DE88-4B08-9668-2F2BA3FDF633}.Release|Any CPU.Build.0 = Release|Any CPU
		{78D2DAC9-B7F7-49E9-BCFA-CDCF48C635C7}.Debug|Any CPU.ActiveCfg = Debug|Any CPU
		{78D2DAC9-B7F7-49E9-BCFA-CDCF48C635C7}.Debug|Any CPU.Build.0 = Debug|Any CPU
		{78D2DAC9-B7F7-49E9-BCFA-CDCF48C635C7}.Release|Any CPU.ActiveCfg = Release|Any CPU
		{78D2DAC9-B7F7-49E9-BCFA-CDCF48C635C7}.Release|Any CPU.Build.0 = Release|Any CPU
	EndGlobalSection
	GlobalSection(SolutionProperties) = preSolution
		HideSolutionNode = FALSE
	EndGlobalSection
	GlobalSection(ExtensibilityGlobals) = postSolution
		SolutionGuid = {34D3446B-D934-4B8F-B1F7-CE83BCE00924}
	EndGlobalSection
EndGlobal
